
Microsoft Visual Studio Solution File, Format Version 12.00
# Visual Studio 14
VisualStudioVersion = 14.0.25420.1
MinimumVisualStudioVersion = 10.0.40219.1
Project("{2150E333-8FDC-42A3-9474-1A3956D46DE8}") = "src", "src", "{F92DFF8B-A115-47F8-8A6A-E451CF3BF920}"
EndProject
Project("{2150E333-8FDC-42A3-9474-1A3956D46DE8}") = "Solution Items", "Solution Items", "{793263D0-FFFB-493A-9788-4CA37E079A9C}"
	ProjectSection(SolutionItems) = preProject
		global.json = global.json
	EndProjectSection
EndProject
Project("{8BB2217D-0F2D-49D1-97BC-3654ED321F3B}") = "NervionPlayers_BL", "src\NervionPlayers_BL\NervionPlayers_BL.xproj", "{59FDCFDD-2F8E-451B-B79C-34B4B5D35AFC}"
EndProject
Project("{8BB2217D-0F2D-49D1-97BC-3654ED321F3B}") = "NervionPlayers_Ent", "..\NervionPlayers_Ent\src\NervionPlayers_Ent\NervionPlayers_Ent.xproj", "{7A602C53-A52F-4692-BB53-C5CFED1F3676}"
EndProject
Project("{8BB2217D-0F2D-49D1-97BC-3654ED321F3B}") = "NervionPlayers_DAL", "..\NervionPlayers_DAL\src\NervionPlayers_DAL\NervionPlayers_DAL.xproj", "{26183BED-1BBC-480F-A18E-055884164DE8}"
EndProject
Global
	GlobalSection(SolutionConfigurationPlatforms) = preSolution
		Debug|Any CPU = Debug|Any CPU
		Debug|x64 = Debug|x64
		Release|Any CPU = Release|Any CPU
		Release|x64 = Release|x64
	EndGlobalSection
	GlobalSection(ProjectConfigurationPlatforms) = postSolution
		{59FDCFDD-2F8E-451B-B79C-34B4B5D35AFC}.Debug|Any CPU.ActiveCfg = Debug|Any CPU
		{59FDCFDD-2F8E-451B-B79C-34B4B5D35AFC}.Debug|Any CPU.Build.0 = Debug|Any CPU
		{59FDCFDD-2F8E-451B-B79C-34B4B5D35AFC}.Debug|Any CPU.Deploy.0 = Debug|Any CPU
		{59FDCFDD-2F8E-451B-B79C-34B4B5D35AFC}.Debug|x64.ActiveCfg = Debug|Any CPU
		{59FDCFDD-2F8E-451B-B79C-34B4B5D35AFC}.Debug|x64.Build.0 = Debug|Any CPU
		{59FDCFDD-2F8E-451B-B79C-34B4B5D35AFC}.Debug|x64.Deploy.0 = Debug|Any CPU
		{59FDCFDD-2F8E-451B-B79C-34B4B5D35AFC}.Release|Any CPU.ActiveCfg = Release|Any CPU
		{59FDCFDD-2F8E-451B-B79C-34B4B5D35AFC}.Release|Any CPU.Build.0 = Release|Any CPU
		{59FDCFDD-2F8E-451B-B79C-34B4B5D35AFC}.Release|x64.ActiveCfg = Release|Any CPU
		{59FDCFDD-2F8E-451B-B79C-34B4B5D35AFC}.Release|x64.Build.0 = Release|Any CPU
		{7A602C53-A52F-4692-BB53-C5CFED1F3676}.Debug|Any CPU.ActiveCfg = Debug|Any CPU
		{7A602C53-A52F-4692-BB53-C5CFED1F3676}.Debug|Any CPU.Build.0 = Debug|Any CPU
		{7A602C53-A52F-4692-BB53-C5CFED1F3676}.Debug|x64.ActiveCfg = Debug|Any CPU
		{7A602C53-A52F-4692-BB53-C5CFED1F3676}.Debug|x64.Build.0 = Debug|Any CPU
		{7A602C53-A52F-4692-BB53-C5CFED1F3676}.Release|Any CPU.ActiveCfg = Release|Any CPU
		{7A602C53-A52F-4692-BB53-C5CFED1F3676}.Release|Any CPU.Build.0 = Release|Any CPU
		{7A602C53-A52F-4692-BB53-C5CFED1F3676}.Release|x64.ActiveCfg = Release|Any CPU
		{7A602C53-A52F-4692-BB53-C5CFED1F3676}.Release|x64.Build.0 = Release|Any CPU
		{26183BED-1BBC-480F-A18E-055884164DE8}.Debug|Any CPU.ActiveCfg = Debug|Any CPU
		{26183BED-1BBC-480F-A18E-055884164DE8}.Debug|Any CPU.Build.0 = Debug|Any CPU
		{26183BED-1BBC-480F-A18E-055884164DE8}.Debug|x64.ActiveCfg = Debug|Any CPU
		{26183BED-1BBC-480F-A18E-055884164DE8}.Debug|x64.Build.0 = Debug|Any CPU
		{26183BED-1BBC-480F-A18E-055884164DE8}.Release|Any CPU.ActiveCfg = Release|Any CPU
		{26183BED-1BBC-480F-A18E-055884164DE8}.Release|Any CPU.Build.0 = Release|Any CPU
		{26183BED-1BBC-480F-A18E-055884164DE8}.Release|x64.ActiveCfg = Release|Any CPU
		{26183BED-1BBC-480F-A18E-055884164DE8}.Release|x64.Build.0 = Release|Any CPU
	EndGlobalSection
	GlobalSection(SolutionProperties) = preSolution
		HideSolutionNode = FALSE
	EndGlobalSection
	GlobalSection(NestedProjects) = preSolution
		{59FDCFDD-2F8E-451B-B79C-34B4B5D35AFC} = {F92DFF8B-A115-47F8-8A6A-E451CF3BF920}
		{7A602C53-A52F-4692-BB53-C5CFED1F3676} = {F92DFF8B-A115-47F8-8A6A-E451CF3BF920}
		{26183BED-1BBC-480F-A18E-055884164DE8} = {F92DFF8B-A115-47F8-8A6A-E451CF3BF920}
	EndGlobalSection
EndGlobal
